
Microsoft Visual Studio Solution File, Format Version 12.00
# Visual Studio Version 16
VisualStudioVersion = 16.0.30711.63
MinimumVisualStudioVersion = 10.0.40219.1
Project("{FAE04EC0-301F-11D3-BF4B-00C04F79EFBC}") = "accountingApp1", "accountingApp1\accountingApp1.csproj", "{DF3E5049-052F-4078-B4E7-D19E3A763467}"
EndProject
Global
	GlobalSection(SolutionConfigurationPlatforms) = preSolution
		Debug|Any CPU = Debug|Any CPU
		Release|Any CPU = Release|Any CPU
	EndGlobalSection
	GlobalSection(ProjectConfigurationPlatforms) = postSolution
		{DF3E5049-052F-4078-B4E7-D19E3A763467}.Debug|Any CPU.ActiveCfg = Debug|Any CPU
		{DF3E5049-052F-4078-B4E7-D19E3A763467}.Debug|Any CPU.Build.0 = Debug|Any CPU
		{DF3E5049-052F-4078-B4E7-D19E3A763467}.Release|Any CPU.ActiveCfg = Release|Any CPU
		{DF3E5049-052F-4078-B4E7-D19E3A763467}.Release|Any CPU.Build.0 = Release|Any CPU
	EndGlobalSection
	GlobalSection(SolutionProperties) = preSolution
		HideSolutionNode = FALSE
	EndGlobalSection
	GlobalSection(ExtensibilityGlobals) = postSolution
		SolutionGuid = {CD16989D-0AA7-45A8-B8F2-012BB3B06A76}
	EndGlobalSection
EndGlobal
